
Microsoft Visual Studio Solution File, Format Version 12.00
# Visual Studio Version 16
VisualStudioVersion = 16.0.31605.320
MinimumVisualStudioVersion = 10.0.40219.1
Project("{FAE04EC0-301F-11D3-BF4B-00C04F79EFBC}") = "WebSalesMvc", "WebSalesMvc\WebSalesMvc.csproj", "{27151055-25ED-4559-A52B-05D128620443}"
EndProject
Global
	GlobalSection(SolutionConfigurationPlatforms) = preSolution
		Debug|Any CPU = Debug|Any CPU
		Release|Any CPU = Release|Any CPU
	EndGlobalSection
	GlobalSection(ProjectConfigurationPlatforms) = postSolution
		{27151055-25ED-4559-A52B-05D128620443}.Debug|Any CPU.ActiveCfg = Debug|Any CPU
		{27151055-25ED-4559-A52B-05D128620443}.Debug|Any CPU.Build.0 = Debug|Any CPU
		{27151055-25ED-4559-A52B-05D128620443}.Release|Any CPU.ActiveCfg = Release|Any CPU
		{27151055-25ED-4559-A52B-05D128620443}.Release|Any CPU.Build.0 = Release|Any CPU
	EndGlobalSection
	GlobalSection(SolutionProperties) = preSolution
		HideSolutionNode = FALSE
	EndGlobalSection
	GlobalSection(ExtensibilityGlobals) = postSolution
		SolutionGuid = {7D7DBCAD-F9BE-4932-957C-C9C814D8F9DA}
	EndGlobalSection
EndGlobal
